
Microsoft Visual Studio Solution File, Format Version 12.00
# Visual Studio Version 16
VisualStudioVersion = 16.0.32802.440
MinimumVisualStudioVersion = 10.0.40219.1
Project("{FAE04EC0-301F-11D3-BF4B-00C04F79EFBC}") = "API", "API\API.csproj", "{DAEFBEDE-AB79-46A4-9F1A-79C7CB36E30C}"
EndProject
Project("{FAE04EC0-301F-11D3-BF4B-00C04F79EFBC}") = "MVC", "..\MVC\MVC.csproj", "{8DD38FB8-625B-4105-B6BD-D46F8BAF45CC}"
EndProject
Global
	GlobalSection(SolutionConfigurationPlatforms) = preSolution
		Debug|Any CPU = Debug|Any CPU
		Release|Any CPU = Release|Any CPU
	EndGlobalSection
	GlobalSection(ProjectConfigurationPlatforms) = postSolution
		{DAEFBEDE-AB79-46A4-9F1A-79C7CB36E30C}.Debug|Any CPU.ActiveCfg = Debug|Any CPU
		{DAEFBEDE-AB79-46A4-9F1A-79C7CB36E30C}.Debug|Any CPU.Build.0 = Debug|Any CPU
		{DAEFBEDE-AB79-46A4-9F1A-79C7CB36E30C}.Release|Any CPU.ActiveCfg = Release|Any CPU
		{DAEFBEDE-AB79-46A4-9F1A-79C7CB36E30C}.Release|Any CPU.Build.0 = Release|Any CPU
		{8DD38FB8-625B-4105-B6BD-D46F8BAF45CC}.Debug|Any CPU.ActiveCfg = Debug|Any CPU
		{8DD38FB8-625B-4105-B6BD-D46F8BAF45CC}.Debug|Any CPU.Build.0 = Debug|Any CPU
		{8DD38FB8-625B-4105-B6BD-D46F8BAF45CC}.Release|Any CPU.ActiveCfg = Release|Any CPU
		{8DD38FB8-625B-4105-B6BD-D46F8BAF45CC}.Release|Any CPU.Build.0 = Release|Any CPU
	EndGlobalSection
	GlobalSection(SolutionProperties) = preSolution
		HideSolutionNode = FALSE
	EndGlobalSection
	GlobalSection(ExtensibilityGlobals) = postSolution
		SolutionGuid = {39082975-C2E8-4FF9-9D16-095A2982E9B2}
	EndGlobalSection
EndGlobal
